
Microsoft Visual Studio Solution File, Format Version 12.00
# Visual Studio 14
VisualStudioVersion = 14.0.23107.0
MinimumVisualStudioVersion = 10.0.40219.1
Project("{2150E333-8FDC-42A3-9474-1A3956D46DE8}") = "Frontend", "Frontend", "{30D1B447-9DD4-46BC-95C3-C5320FFCB672}"
EndProject
Project("{2150E333-8FDC-42A3-9474-1A3956D46DE8}") = "Services", "Services", "{40C735CE-D902-4C25-AD87-E77908147D05}"
EndProject
Project("{FAE04EC0-301F-11D3-BF4B-00C04F79EFBC}") = "PortalLibrary", "PortalLibrary\PortalLibrary.csproj", "{BB6554AB-9425-412A-B7D4-5CF561C59547}"
EndProject
Project("{FAE04EC0-301F-11D3-BF4B-00C04F79EFBC}") = "PortalService", "PortalService\PortalService.csproj", "{FCC96E0F-5C00-410B-BFE8-6C8D0AC2C4E3}"
EndProject
Project("{2150E333-8FDC-42A3-9474-1A3956D46DE8}") = "DataLayer", "DataLayer", "{766F89BF-E5E2-4414-981C-DCE72AC582E4}"
EndProject
Project("{FAE04EC0-301F-11D3-BF4B-00C04F79EFBC}") = "BusinessObjects", "BusinessObjects\BusinessObjects.csproj", "{E9A8316E-D6B3-4156-8734-FFC9A4C04223}"
EndProject
Project("{FAE04EC0-301F-11D3-BF4B-00C04F79EFBC}") = "DataLibrary", "DataLibrary\DataLibrary.csproj", "{CA91FB41-84C5-40BE-974D-4E89B5EE7FD8}"
EndProject
Project("{FAE04EC0-301F-11D3-BF4B-00C04F79EFBC}") = "WebPortal", "WebPortal\WebPortal.csproj", "{18F0B260-29B0-452F-8963-BAEC1153D016}"
EndProject
Project("{FAE04EC0-301F-11D3-BF4B-00C04F79EFBC}") = "Admin", "Admin\Admin.csproj", "{B9C644A4-C0B7-45DD-8ECE-145AB6347D5D}"
EndProject
Global
	GlobalSection(SolutionConfigurationPlatforms) = preSolution
		Debug|Any CPU = Debug|Any CPU
		Release|Any CPU = Release|Any CPU
	EndGlobalSection
	GlobalSection(ProjectConfigurationPlatforms) = postSolution
		{BB6554AB-9425-412A-B7D4-5CF561C59547}.Debug|Any CPU.ActiveCfg = Debug|Any CPU
		{BB6554AB-9425-412A-B7D4-5CF561C59547}.Debug|Any CPU.Build.0 = Debug|Any CPU
		{BB6554AB-9425-412A-B7D4-5CF561C59547}.Release|Any CPU.ActiveCfg = Release|Any CPU
		{BB6554AB-9425-412A-B7D4-5CF561C59547}.Release|Any CPU.Build.0 = Release|Any CPU
		{FCC96E0F-5C00-410B-BFE8-6C8D0AC2C4E3}.Debug|Any CPU.ActiveCfg = Debug|Any CPU
		{FCC96E0F-5C00-410B-BFE8-6C8D0AC2C4E3}.Debug|Any CPU.Build.0 = Debug|Any CPU
		{FCC96E0F-5C00-410B-BFE8-6C8D0AC2C4E3}.Release|Any CPU.ActiveCfg = Release|Any CPU
		{FCC96E0F-5C00-410B-BFE8-6C8D0AC2C4E3}.Release|Any CPU.Build.0 = Release|Any CPU
		{E9A8316E-D6B3-4156-8734-FFC9A4C04223}.Debug|Any CPU.ActiveCfg = Debug|Any CPU
		{E9A8316E-D6B3-4156-8734-FFC9A4C04223}.Debug|Any CPU.Build.0 = Debug|Any CPU
		{E9A8316E-D6B3-4156-8734-FFC9A4C04223}.Release|Any CPU.ActiveCfg = Release|Any CPU
		{E9A8316E-D6B3-4156-8734-FFC9A4C04223}.Release|Any CPU.Build.0 = Release|Any CPU
		{CA91FB41-84C5-40BE-974D-4E89B5EE7FD8}.Debug|Any CPU.ActiveCfg = Debug|Any CPU
		{CA91FB41-84C5-40BE-974D-4E89B5EE7FD8}.Debug|Any CPU.Build.0 = Debug|Any CPU
		{CA91FB41-84C5-40BE-974D-4E89B5EE7FD8}.Release|Any CPU.ActiveCfg = Release|Any CPU
		{CA91FB41-84C5-40BE-974D-4E89B5EE7FD8}.Release|Any CPU.Build.0 = Release|Any CPU
		{18F0B260-29B0-452F-8963-BAEC1153D016}.Debug|Any CPU.ActiveCfg = Debug|Any CPU
		{18F0B260-29B0-452F-8963-BAEC1153D016}.Debug|Any CPU.Build.0 = Debug|Any CPU
		{18F0B260-29B0-452F-8963-BAEC1153D016}.Release|Any CPU.ActiveCfg = Release|Any CPU
		{18F0B260-29B0-452F-8963-BAEC1153D016}.Release|Any CPU.Build.0 = Release|Any CPU
		{B9C644A4-C0B7-45DD-8ECE-145AB6347D5D}.Debug|Any CPU.ActiveCfg = Debug|Any CPU
		{B9C644A4-C0B7-45DD-8ECE-145AB6347D5D}.Debug|Any CPU.Build.0 = Debug|Any CPU
		{B9C644A4-C0B7-45DD-8ECE-145AB6347D5D}.Release|Any CPU.ActiveCfg = Release|Any CPU
		{B9C644A4-C0B7-45DD-8ECE-145AB6347D5D}.Release|Any CPU.Build.0 = Release|Any CPU
	EndGlobalSection
	GlobalSection(SolutionProperties) = preSolution
		HideSolutionNode = FALSE
	EndGlobalSection
	GlobalSection(NestedProjects) = preSolution
		{BB6554AB-9425-412A-B7D4-5CF561C59547} = {40C735CE-D902-4C25-AD87-E77908147D05}
		{FCC96E0F-5C00-410B-BFE8-6C8D0AC2C4E3} = {40C735CE-D902-4C25-AD87-E77908147D05}
		{E9A8316E-D6B3-4156-8734-FFC9A4C04223} = {766F89BF-E5E2-4414-981C-DCE72AC582E4}
		{CA91FB41-84C5-40BE-974D-4E89B5EE7FD8} = {766F89BF-E5E2-4414-981C-DCE72AC582E4}
		{18F0B260-29B0-452F-8963-BAEC1153D016} = {30D1B447-9DD4-46BC-95C3-C5320FFCB672}
		{B9C644A4-C0B7-45DD-8ECE-145AB6347D5D} = {30D1B447-9DD4-46BC-95C3-C5320FFCB672}
	EndGlobalSection
EndGlobal
